
Microsoft Visual Studio Solution File, Format Version 12.00
# Visual Studio Version 16
VisualStudioVersion = 16.0.30523.141
MinimumVisualStudioVersion = 10.0.40219.1
Project("{FAE04EC0-301F-11D3-BF4B-00C04F79EFBC}") = "final_asp.net", "final_asp.net\final_asp.net.csproj", "{ABCBDBE6-84B1-410F-98A4-50B0271DA465}"
EndProject
Global
	GlobalSection(SolutionConfigurationPlatforms) = preSolution
		Debug|Any CPU = Debug|Any CPU
		Release|Any CPU = Release|Any CPU
	EndGlobalSection
	GlobalSection(ProjectConfigurationPlatforms) = postSolution
		{ABCBDBE6-84B1-410F-98A4-50B0271DA465}.Debug|Any CPU.ActiveCfg = Debug|Any CPU
		{ABCBDBE6-84B1-410F-98A4-50B0271DA465}.Debug|Any CPU.Build.0 = Debug|Any CPU
		{ABCBDBE6-84B1-410F-98A4-50B0271DA465}.Release|Any CPU.ActiveCfg = Release|Any CPU
		{ABCBDBE6-84B1-410F-98A4-50B0271DA465}.Release|Any CPU.Build.0 = Release|Any CPU
	EndGlobalSection
	GlobalSection(SolutionProperties) = preSolution
		HideSolutionNode = FALSE
	EndGlobalSection
	GlobalSection(ExtensibilityGlobals) = postSolution
		SolutionGuid = {92805E46-7F61-4703-A1C4-89CFF5B230EA}
	EndGlobalSection
EndGlobal
